
Microsoft Visual Studio Solution File, Format Version 12.00
# Visual Studio Version 16
VisualStudioVersion = 16.0.32413.511
MinimumVisualStudioVersion = 10.0.40219.1
Project("{FAE04EC0-301F-11D3-BF4B-00C04F79EFBC}") = "ConsoleApp4", "ConsoleApp4.csproj", "{FCBDF984-97F6-4EC5-9860-CB5ED71ACF85}"
EndProject
Global
	GlobalSection(SolutionConfigurationPlatforms) = preSolution
		Debug|Any CPU = Debug|Any CPU
		Release|Any CPU = Release|Any CPU
	EndGlobalSection
	GlobalSection(ProjectConfigurationPlatforms) = postSolution
		{FCBDF984-97F6-4EC5-9860-CB5ED71ACF85}.Debug|Any CPU.ActiveCfg = Debug|Any CPU
		{FCBDF984-97F6-4EC5-9860-CB5ED71ACF85}.Debug|Any CPU.Build.0 = Debug|Any CPU
		{FCBDF984-97F6-4EC5-9860-CB5ED71ACF85}.Release|Any CPU.ActiveCfg = Release|Any CPU
		{FCBDF984-97F6-4EC5-9860-CB5ED71ACF85}.Release|Any CPU.Build.0 = Release|Any CPU
	EndGlobalSection
	GlobalSection(SolutionProperties) = preSolution
		HideSolutionNode = FALSE
	EndGlobalSection
	GlobalSection(ExtensibilityGlobals) = postSolution
		SolutionGuid = {3FA23990-6A24-414A-B77D-1933ABF03D56}
	EndGlobalSection
EndGlobal
